
Microsoft Visual Studio Solution File, Format Version 12.00
# Visual Studio Version 16
VisualStudioVersion = 16.0.31105.61
MinimumVisualStudioVersion = 10.0.40219.1
Project("{9A19103F-16F7-4668-BE54-9A1E7A4F7556}") = "Billing.Api", "Billing.Api\Billing.Api.csproj", "{0CB37298-17A6-4B3F-AF63-CFCDC130B234}"
EndProject
Project("{FAE04EC0-301F-11D3-BF4B-00C04F79EFBC}") = "Billing.Tests", "Billing.Tests\Billing.Tests.csproj", "{C6AAD126-9614-4E30-B438-9CB7E0685776}"
EndProject
Global
	GlobalSection(SolutionConfigurationPlatforms) = preSolution
		Debug|Any CPU = Debug|Any CPU
		Release|Any CPU = Release|Any CPU
	EndGlobalSection
	GlobalSection(ProjectConfigurationPlatforms) = postSolution
		{0CB37298-17A6-4B3F-AF63-CFCDC130B234}.Debug|Any CPU.ActiveCfg = Debug|Any CPU
		{0CB37298-17A6-4B3F-AF63-CFCDC130B234}.Debug|Any CPU.Build.0 = Debug|Any CPU
		{0CB37298-17A6-4B3F-AF63-CFCDC130B234}.Release|Any CPU.ActiveCfg = Release|Any CPU
		{0CB37298-17A6-4B3F-AF63-CFCDC130B234}.Release|Any CPU.Build.0 = Release|Any CPU
		{C6AAD126-9614-4E30-B438-9CB7E0685776}.Debug|Any CPU.ActiveCfg = Debug|Any CPU
		{C6AAD126-9614-4E30-B438-9CB7E0685776}.Debug|Any CPU.Build.0 = Debug|Any CPU
		{C6AAD126-9614-4E30-B438-9CB7E0685776}.Release|Any CPU.ActiveCfg = Release|Any CPU
		{C6AAD126-9614-4E30-B438-9CB7E0685776}.Release|Any CPU.Build.0 = Release|Any CPU
	EndGlobalSection
	GlobalSection(SolutionProperties) = preSolution
		HideSolutionNode = FALSE
	EndGlobalSection
	GlobalSection(ExtensibilityGlobals) = postSolution
		SolutionGuid = {7CC2E5A0-CF06-43AB-9F28-7C1F79A8A602}
	EndGlobalSection
EndGlobal
